<?xml version="1.0" encoding="utf-8"?>
<Project ToolsVersion="4.0" xmlns="http://schemas.microsoft.com/developer/msbuild/2003">
  <ItemGroup>
    <Filter Include="Source Files">
      <UniqueIdentifier>{4FC737F1-C7A5-4376-A066-2A32D752A2FF}</UniqueIdentifier>
      <Extensions>cpp;c;cc;cxx;c++;cppm;ixx;def;odl;idl;hpj;bat;asm;asmx</Extensions>
    </Filter>
    <Filter Include="Header Files">
      <UniqueIdentifier>{93995380-89BD-4b04-88EB-625FBE52EBFB}</UniqueIdentifier>
      <Extensions>h;hh;hpp;hxx;h++;hm;inl;inc;ipp;xsd</Extensions>
    </Filter>
    <Filter Include="Resource Files">
      <UniqueIdentifier>{67DA6AB6-F800-4c08-8B7A-83BB121AAD01}</UniqueIdentifier>
      <Extensions>rc;ico;cur;bmp;dlg;rc2;rct;bin;rgs;gif;jpg;jpeg;jpe;resx;tiff;tif;png;wav;mfcribbon-ms</Extensions>
    </Filter>
  </ItemGroup>
  <ItemGroup>
    <ClInclude Include="source\Engine2000.h">
      <Filter>Header Files</Filter>
    </ClInclude>
    <ClInclude Include="source\Engine2000\GameEngine.h">
      <Filter>Header Files</Filter>
    </ClInclude>
    <ClInclude Include="source\Engine2000\Core.h">
      <Filter>Header Files</Filter>
    </ClInclude>
    <ClInclude Include="source\Engine2000\EntryPoint.h">
      <Filter>Header Files</Filter>
    </ClInclude>
    <ClInclude Include="source\Engine2000\Window.h">
      <Filter>Header Files</Filter>
    </ClInclude>
    <ClInclude Include="source\Engine2000\EngineError.h">
      <Filter>Header Files</Filter>
    </ClInclude>
    <ClInclude Include="source\Engine2000\Renderer.h">
      <Filter>Header Files</Filter>
    </ClInclude>
    <ClInclude Include="source\Engine2000\GameObject.h">
      <Filter>Header Files</Filter>
    </ClInclude>
    <ClInclude Include="source\Engine2000\Level.h">
      <Filter>Header Files</Filter>
    </ClInclude>
    <ClInclude Include="source\Engine2000\Component.h">
      <Filter>Header Files</Filter>
    </ClInclude>
    <ClInclude Include="source\Engine2000\SpriteComponent.h">
      <Filter>Header Files</Filter>
    </ClInclude>
    <ClInclude Include="source\Engine2000\Texture.h">
      <Filter>Header Files</Filter>
    </ClInclude>
    <ClInclude Include="source\Engine2000\TransformComponent.h">
      <Filter>Header Files</Filter>
    </ClInclude>
    <ClInclude Include="source\Engine2000\Vector2D.h">
      <Filter>Header Files</Filter>
    </ClInclude>
    <ClInclude Include="source\Engine2000\Input.h">
      <Filter>Header Files</Filter>
    </ClInclude>
    <ClInclude Include="source\Engine2000\Pawn.h">
      <Filter>Header Files</Filter>
    </ClInclude>
    <ClInclude Include="source\Engine2000\Projectile.h">
      <Filter>Header Files</Filter>
    </ClInclude>
    <ClInclude Include="source\Engine2000\E2Log.h">
      <Filter>Header Files</Filter>
    </ClInclude>
    <ClInclude Include="source\Engine2000\PhysicsWorld.h">
      <Filter>Header Files</Filter>
    </ClInclude>
    <ClInclude Include="source\Engine2000\PhysicsComponent.h">
      <Filter>Header Files</Filter>
    </ClInclude>
    <ClInclude Include="source\Engine2000\PhysicsLayerManager.h">
      <Filter>Header Files</Filter>
    </ClInclude>
    <ClInclude Include="source\Engine2000\ScreenBoundsComponent.h">
      <Filter>Header Files</Filter>
    </ClInclude>
    <ClInclude Include="source\Engine2000\HealthBarComponent.h">
      <Filter>Header Files</Filter>
    </ClInclude>
    <ClInclude Include="source\Engine2000\Vector4D.h">
      <Filter>Header Files</Filter>
    </ClInclude>
    <ClInclude Include="source\Engine2000\stb_image.h">
      <Filter>Header Files</Filter>
    </ClInclude>
  </ItemGroup>
  <ItemGroup>
    <ClCompile Include="source\Engine2000\GameEngine.cpp">
      <Filter>Source Files</Filter>
    </ClCompile>
    <ClCompile Include="source\Engine2000\Window.cpp">
      <Filter>Source Files</Filter>
    </ClCompile>
    <ClCompile Include="source\Engine2000\EngineError.cpp">
      <Filter>Source Files</Filter>
    </ClCompile>
    <ClCompile Include="source\Engine2000\Renderer.cpp">
      <Filter>Source Files</Filter>
    </ClCompile>
    <ClCompile Include="source\Engine2000\GameObject.cpp">
      <Filter>Source Files</Filter>
    </ClCompile>
    <ClCompile Include="source\Engine2000\Level.cpp">
      <Filter>Source Files</Filter>
    </ClCompile>
    <ClCompile Include="source\Engine2000\SpriteComponent.cpp">
      <Filter>Source Files</Filter>
    </ClCompile>
    <ClCompile Include="source\Engine2000\Texture.cpp">
      <Filter>Source Files</Filter>
    </ClCompile>
    <ClCompile Include="source\Engine2000\Input.cpp">
      <Filter>Source Files</Filter>
    </ClCompile>
    <ClCompile Include="source\Engine2000\Pawn.cpp">
      <Filter>Source Files</Filter>
    </ClCompile>
    <ClCompile Include="source\Engine2000\Projectile.cpp">
      <Filter>Source Files</Filter>
    </ClCompile>
    <ClCompile Include="source\Engine2000\E2Log.cpp">
      <Filter>Source Files</Filter>
    </ClCompile>
    <ClCompile Include="source\Engine2000\PhysicsWorld.cpp">
      <Filter>Source Files</Filter>
    </ClCompile>
    <ClCompile Include="source\Engine2000\PhysicsComponent.cpp">
      <Filter>Source Files</Filter>
    </ClCompile>
    <ClCompile Include="source\Engine2000\PhysicsLayerManager.cpp">
      <Filter>Source Files</Filter>
    </ClCompile>
    <ClCompile Include="source\Engine2000\ScreenBoundsComponent.cpp">
      <Filter>Source Files</Filter>
    </ClCompile>
    <ClCompile Include="source\Engine2000\IBoundsResponder.h">
      <Filter>Source Files</Filter>
    </ClCompile>
    <ClCompile Include="source\Engine2000\UIElement.h">
      <Filter>Source Files</Filter>
    </ClCompile>
    <ClCompile Include="source\Engine2000\UIElement.cpp">
      <Filter>Source Files</Filter>
    </ClCompile>
    <ClCompile Include="source\Engine2000\HealthBarComponent.cpp">
      <Filter>Source Files</Filter>
    </ClCompile>
    <ClCompile Include="source\Engine2000\glad.c">
      <Filter>Source Files</Filter>
    </ClCompile>
    <ClCompile Include="source\Engine2000\stb_image.cpp">
      <Filter>Source Files</Filter>
    </ClCompile>
  </ItemGroup>
</Project>